// !$*UTF8*$!
{
	archiveVersion = 1;
	classes = {
	};
	objectVersion = 56;
	objects = {

/* Begin PBXBuildFile section */
		5C0AC5922B5172DD00548566 /* AppDetailController.swift in Sources */ = {isa = PBXBuildFile; fileRef = 5C0AC5912B5172DD00548566 /* AppDetailController.swift */; };
		5C0AC5942B519F2D00548566 /* AppDetailCell.swift in Sources */ = {isa = PBXBuildFile; fileRef = 5C0AC5932B519F2D00548566 /* AppDetailCell.swift */; };
		5C2C4F762B5938BA0010DB74 /* TodayMultipleAppCell.swift in Sources */ = {isa = PBXBuildFile; fileRef = 5C2C4F752B5938BA0010DB74 /* TodayMultipleAppCell.swift */; };
		5C2C4F782B5954BC0010DB74 /* BaseTodayCell.swift in Sources */ = {isa = PBXBuildFile; fileRef = 5C2C4F772B5954BC0010DB74 /* BaseTodayCell.swift */; };
		5C2C4F7A2B595CB90010DB74 /* MultipleAppsController.swift in Sources */ = {isa = PBXBuildFile; fileRef = 5C2C4F792B595CB90010DB74 /* MultipleAppsController.swift */; };
		5C2C4F802B5978000010DB74 /* MultipleAppsCell.swift in Sources */ = {isa = PBXBuildFile; fileRef = 5C2C4F7F2B5978000010DB74 /* MultipleAppsCell.swift */; };
		5C495BBD2B4EF3A7009D1ECE /* SocialApps.swift in Sources */ = {isa = PBXBuildFile; fileRef = 5C495BBC2B4EF3A7009D1ECE /* SocialApps.swift */; };
		5C495BBF2B506E25009D1ECE /* BetterSnappingLayout.swift in Sources */ = {isa = PBXBuildFile; fileRef = 5C495BBE2B506E25009D1ECE /* BetterSnappingLayout.swift */; };
		5C495BC12B506FE9009D1ECE /* HorizontalSnappingController.swift in Sources */ = {isa = PBXBuildFile; fileRef = 5C495BC02B506FE9009D1ECE /* HorizontalSnappingController.swift */; };
		5C82A25F2B46DCCD002B183B /* AppsSearchController.swift in Sources */ = {isa = PBXBuildFile; fileRef = 5C82A25E2B46DCCD002B183B /* AppsSearchController.swift */; };
		5C82A2622B46EC4B002B183B /* SearchResultCell.swift in Sources */ = {isa = PBXBuildFile; fileRef = 5C82A2612B46EC4B002B183B /* SearchResultCell.swift */; };
		5C82A2652B470455002B183B /* UIView+Layout.swift in Sources */ = {isa = PBXBuildFile; fileRef = 5C82A2642B470455002B183B /* UIView+Layout.swift */; };
		5C82A2672B47201B002B183B /* VerticalStackView.swift in Sources */ = {isa = PBXBuildFile; fileRef = 5C82A2662B47201B002B183B /* VerticalStackView.swift */; };
		5C82A26A2B4744FC002B183B /* SearchResult.swift in Sources */ = {isa = PBXBuildFile; fileRef = 5C82A2692B4744FC002B183B /* SearchResult.swift */; };
		5C82A26C2B485795002B183B /* Service.swift in Sources */ = {isa = PBXBuildFile; fileRef = 5C82A26B2B485795002B183B /* Service.swift */; };
		5C82A26F2B487877002B183B /* SDWebImage in Frameworks */ = {isa = PBXBuildFile; productRef = 5C82A26E2B487877002B183B /* SDWebImage */; };
		5C82A2712B487877002B183B /* SDWebImageMapKit in Frameworks */ = {isa = PBXBuildFile; productRef = 5C82A2702B487877002B183B /* SDWebImageMapKit */; };
		5C82A2762B4C0740002B183B /* AppsPageController.swift in Sources */ = {isa = PBXBuildFile; fileRef = 5C82A2752B4C0740002B183B /* AppsPageController.swift */; };
		5C82A2782B4C0909002B183B /* BaseListController.swift in Sources */ = {isa = PBXBuildFile; fileRef = 5C82A2772B4C0909002B183B /* BaseListController.swift */; };
		5C82A27C2B4C0D8F002B183B /* AppsGroupCell.swift in Sources */ = {isa = PBXBuildFile; fileRef = 5C82A27B2B4C0D8F002B183B /* AppsGroupCell.swift */; };
		5C82A27E2B4C1B1E002B183B /* AppsHorizontalController.swift in Sources */ = {isa = PBXBuildFile; fileRef = 5C82A27D2B4C1B1E002B183B /* AppsHorizontalController.swift */; };
		5C82A2802B4C36F9002B183B /* AppRowCell.swift in Sources */ = {isa = PBXBuildFile; fileRef = 5C82A27F2B4C36F9002B183B /* AppRowCell.swift */; };
		5C82A2822B4C3FAF002B183B /* Extensions.swift in Sources */ = {isa = PBXBuildFile; fileRef = 5C82A2812B4C3FAF002B183B /* Extensions.swift */; };
		5C82A2862B4C5CE8002B183B /* AppsPageHeader.swift in Sources */ = {isa = PBXBuildFile; fileRef = 5C82A2852B4C5CE8002B183B /* AppsPageHeader.swift */; };
		5C82A2882B4C6184002B183B /* AppsHeaderHorizontalController.swift in Sources */ = {isa = PBXBuildFile; fileRef = 5C82A2872B4C6184002B183B /* AppsHeaderHorizontalController.swift */; };
		5C82A28A2B4C6491002B183B /* AppsHeaderCell.swift in Sources */ = {isa = PBXBuildFile; fileRef = 5C82A2892B4C6491002B183B /* AppsHeaderCell.swift */; };
		5C82A28C2B4C7EC3002B183B /* AppGroup.swift in Sources */ = {isa = PBXBuildFile; fileRef = 5C82A28B2B4C7EC3002B183B /* AppGroup.swift */; };
		5C9C3C302B45E7540038D4C8 /* AppDelegate.swift in Sources */ = {isa = PBXBuildFile; fileRef = 5C9C3C2F2B45E7540038D4C8 /* AppDelegate.swift */; };
		5C9C3C322B45E7540038D4C8 /* SceneDelegate.swift in Sources */ = {isa = PBXBuildFile; fileRef = 5C9C3C312B45E7540038D4C8 /* SceneDelegate.swift */; };
		5C9C3C342B45E7540038D4C8 /* ViewController.swift in Sources */ = {isa = PBXBuildFile; fileRef = 5C9C3C332B45E7540038D4C8 /* ViewController.swift */; };
		5C9C3C372B45E7550038D4C8 /* Main.storyboard in Resources */ = {isa = PBXBuildFile; fileRef = 5C9C3C352B45E7550038D4C8 /* Main.storyboard */; };
		5C9C3C392B45E7550038D4C8 /* Assets.xcassets in Resources */ = {isa = PBXBuildFile; fileRef = 5C9C3C382B45E7550038D4C8 /* Assets.xcassets */; };
		5C9C3C3C2B45E7550038D4C8 /* LaunchScreen.storyboard in Resources */ = {isa = PBXBuildFile; fileRef = 5C9C3C3A2B45E7550038D4C8 /* LaunchScreen.storyboard */; };
		5C9C3C442B45EAF00038D4C8 /* BaseTabBarController.swift in Sources */ = {isa = PBXBuildFile; fileRef = 5C9C3C432B45EAF00038D4C8 /* BaseTabBarController.swift */; };
		5CA5A3732B60364300E66B26 /* MusicViewController.swift in Sources */ = {isa = PBXBuildFile; fileRef = 5CA5A3722B60364300E66B26 /* MusicViewController.swift */; };
		5CA5A3752B60371800E66B26 /* TrackCell.swift in Sources */ = {isa = PBXBuildFile; fileRef = 5CA5A3742B60371800E66B26 /* TrackCell.swift */; };
		5CBA79292B529394007DD613 /* PreviewCell.swift in Sources */ = {isa = PBXBuildFile; fileRef = 5CBA79282B529394007DD613 /* PreviewCell.swift */; };
		5CBA792B2B529625007DD613 /* PreviewScreenshotsController.swift in Sources */ = {isa = PBXBuildFile; fileRef = 5CBA792A2B529625007DD613 /* PreviewScreenshotsController.swift */; };
		5CBA792D2B52D601007DD613 /* ScreenshotCell.swift in Sources */ = {isa = PBXBuildFile; fileRef = 5CBA792C2B52D601007DD613 /* ScreenshotCell.swift */; };
		5CBA792F2B52D764007DD613 /* ReviewRowCell.swift in Sources */ = {isa = PBXBuildFile; fileRef = 5CBA792E2B52D764007DD613 /* ReviewRowCell.swift */; };
		5CBA79332B52DCEF007DD613 /* ReviewsController.swift in Sources */ = {isa = PBXBuildFile; fileRef = 5CBA79322B52DCEF007DD613 /* ReviewsController.swift */; };
		5CBA79352B52E11C007DD613 /* ReviewCell.swift in Sources */ = {isa = PBXBuildFile; fileRef = 5CBA79342B52E11C007DD613 /* ReviewCell.swift */; };
		5CBA79372B540FB3007DD613 /* Reviews.swift in Sources */ = {isa = PBXBuildFile; fileRef = 5CBA79362B540FB3007DD613 /* Reviews.swift */; };
		5CDCCB8E2B5689C000CD01C2 /* TodayController.swift in Sources */ = {isa = PBXBuildFile; fileRef = 5CDCCB8D2B5689C000CD01C2 /* TodayController.swift */; };
		5CDCCB912B568BA000CD01C2 /* TodayCell.swift in Sources */ = {isa = PBXBuildFile; fileRef = 5CDCCB902B568BA000CD01C2 /* TodayCell.swift */; };
		5CDCCB932B56B57600CD01C2 /* AppFullscreenController.swift in Sources */ = {isa = PBXBuildFile; fileRef = 5CDCCB922B56B57600CD01C2 /* AppFullscreenController.swift */; };
		5CDCCB952B56B5EA00CD01C2 /* AppFullscreenDescriptionCell.swift in Sources */ = {isa = PBXBuildFile; fileRef = 5CDCCB942B56B5EA00CD01C2 /* AppFullscreenDescriptionCell.swift */; };
		5CDCCB972B57DF0400CD01C2 /* AppFullscreenHeaderCell.swift in Sources */ = {isa = PBXBuildFile; fileRef = 5CDCCB962B57DF0400CD01C2 /* AppFullscreenHeaderCell.swift */; };
		5CDCCB992B57ECA800CD01C2 /* TodayItem.swift in Sources */ = {isa = PBXBuildFile; fileRef = 5CDCCB982B57ECA800CD01C2 /* TodayItem.swift */; };
/* End PBXBuildFile section */

/* Begin PBXFileReference section */
		5C0AC5912B5172DD00548566 /* AppDetailController.swift */ = {isa = PBXFileReference; lastKnownFileType = sourcecode.swift; path = AppDetailController.swift; sourceTree = "<group>"; };
		5C0AC5932B519F2D00548566 /* AppDetailCell.swift */ = {isa = PBXFileReference; lastKnownFileType = sourcecode.swift; path = AppDetailCell.swift; sourceTree = "<group>"; };
		5C2C4F752B5938BA0010DB74 /* TodayMultipleAppCell.swift */ = {isa = PBXFileReference; lastKnownFileType = sourcecode.swift; path = TodayMultipleAppCell.swift; sourceTree = "<group>"; };
		5C2C4F772B5954BC0010DB74 /* BaseTodayCell.swift */ = {isa = PBXFileReference; lastKnownFileType = sourcecode.swift; path = BaseTodayCell.swift; sourceTree = "<group>"; };
		5C2C4F792B595CB90010DB74 /* MultipleAppsController.swift */ = {isa = PBXFileReference; lastKnownFileType = sourcecode.swift; path = MultipleAppsController.swift; sourceTree = "<group>"; };
		5C2C4F7F2B5978000010DB74 /* MultipleAppsCell.swift */ = {isa = PBXFileReference; lastKnownFileType = sourcecode.swift; path = MultipleAppsCell.swift; sourceTree = "<group>"; };
		5C495BBC2B4EF3A7009D1ECE /* SocialApps.swift */ = {isa = PBXFileReference; lastKnownFileType = sourcecode.swift; path = SocialApps.swift; sourceTree = "<group>"; };
		5C495BBE2B506E25009D1ECE /* BetterSnappingLayout.swift */ = {isa = PBXFileReference; lastKnownFileType = sourcecode.swift; path = BetterSnappingLayout.swift; sourceTree = "<group>"; };
		5C495BC02B506FE9009D1ECE /* HorizontalSnappingController.swift */ = {isa = PBXFileReference; lastKnownFileType = sourcecode.swift; path = HorizontalSnappingController.swift; sourceTree = "<group>"; };
		5C82A25E2B46DCCD002B183B /* AppsSearchController.swift */ = {isa = PBXFileReference; lastKnownFileType = sourcecode.swift; path = AppsSearchController.swift; sourceTree = "<group>"; };
		5C82A2612B46EC4B002B183B /* SearchResultCell.swift */ = {isa = PBXFileReference; lastKnownFileType = sourcecode.swift; path = SearchResultCell.swift; sourceTree = "<group>"; };
		5C82A2642B470455002B183B /* UIView+Layout.swift */ = {isa = PBXFileReference; fileEncoding = 4; lastKnownFileType = sourcecode.swift; path = "UIView+Layout.swift"; sourceTree = "<group>"; };
		5C82A2662B47201B002B183B /* VerticalStackView.swift */ = {isa = PBXFileReference; lastKnownFileType = sourcecode.swift; path = VerticalStackView.swift; sourceTree = "<group>"; };
		5C82A2692B4744FC002B183B /* SearchResult.swift */ = {isa = PBXFileReference; lastKnownFileType = sourcecode.swift; path = SearchResult.swift; sourceTree = "<group>"; };
		5C82A26B2B485795002B183B /* Service.swift */ = {isa = PBXFileReference; lastKnownFileType = sourcecode.swift; path = Service.swift; sourceTree = "<group>"; };
		5C82A2752B4C0740002B183B /* AppsPageController.swift */ = {isa = PBXFileReference; lastKnownFileType = sourcecode.swift; path = AppsPageController.swift; sourceTree = "<group>"; };
		5C82A2772B4C0909002B183B /* BaseListController.swift */ = {isa = PBXFileReference; lastKnownFileType = sourcecode.swift; path = BaseListController.swift; sourceTree = "<group>"; };
		5C82A27B2B4C0D8F002B183B /* AppsGroupCell.swift */ = {isa = PBXFileReference; lastKnownFileType = sourcecode.swift; path = AppsGroupCell.swift; sourceTree = "<group>"; };
		5C82A27D2B4C1B1E002B183B /* AppsHorizontalController.swift */ = {isa = PBXFileReference; lastKnownFileType = sourcecode.swift; path = AppsHorizontalController.swift; sourceTree = "<group>"; };
		5C82A27F2B4C36F9002B183B /* AppRowCell.swift */ = {isa = PBXFileReference; lastKnownFileType = sourcecode.swift; path = AppRowCell.swift; sourceTree = "<group>"; };
		5C82A2812B4C3FAF002B183B /* Extensions.swift */ = {isa = PBXFileReference; lastKnownFileType = sourcecode.swift; path = Extensions.swift; sourceTree = "<group>"; };
		5C82A2852B4C5CE8002B183B /* AppsPageHeader.swift */ = {isa = PBXFileReference; lastKnownFileType = sourcecode.swift; path = AppsPageHeader.swift; sourceTree = "<group>"; };
		5C82A2872B4C6184002B183B /* AppsHeaderHorizontalController.swift */ = {isa = PBXFileReference; lastKnownFileType = sourcecode.swift; path = AppsHeaderHorizontalController.swift; sourceTree = "<group>"; };
		5C82A2892B4C6491002B183B /* AppsHeaderCell.swift */ = {isa = PBXFileReference; lastKnownFileType = sourcecode.swift; path = AppsHeaderCell.swift; sourceTree = "<group>"; };
		5C82A28B2B4C7EC3002B183B /* AppGroup.swift */ = {isa = PBXFileReference; lastKnownFileType = sourcecode.swift; path = AppGroup.swift; sourceTree = "<group>"; };
		5C9C3C2C2B45E7540038D4C8 /* Appstore.app */ = {isa = PBXFileReference; explicitFileType = wrapper.application; includeInIndex = 0; path = Appstore.app; sourceTree = BUILT_PRODUCTS_DIR; };
		5C9C3C2F2B45E7540038D4C8 /* AppDelegate.swift */ = {isa = PBXFileReference; lastKnownFileType = sourcecode.swift; path = AppDelegate.swift; sourceTree = "<group>"; };
		5C9C3C312B45E7540038D4C8 /* SceneDelegate.swift */ = {isa = PBXFileReference; lastKnownFileType = sourcecode.swift; path = SceneDelegate.swift; sourceTree = "<group>"; };
		5C9C3C332B45E7540038D4C8 /* ViewController.swift */ = {isa = PBXFileReference; lastKnownFileType = sourcecode.swift; path = ViewController.swift; sourceTree = "<group>"; };
		5C9C3C362B45E7550038D4C8 /* Base */ = {isa = PBXFileReference; lastKnownFileType = file.storyboard; name = Base; path = Base.lproj/Main.storyboard; sourceTree = "<group>"; };
		5C9C3C382B45E7550038D4C8 /* Assets.xcassets */ = {isa = PBXFileReference; lastKnownFileType = folder.assetcatalog; path = Assets.xcassets; sourceTree = "<group>"; };
		5C9C3C3B2B45E7550038D4C8 /* Base */ = {isa = PBXFileReference; lastKnownFileType = file.storyboard; name = Base; path = Base.lproj/LaunchScreen.storyboard; sourceTree = "<group>"; };
		5C9C3C3D2B45E7550038D4C8 /* Info.plist */ = {isa = PBXFileReference; lastKnownFileType = text.plist.xml; path = Info.plist; sourceTree = "<group>"; };
		5C9C3C432B45EAF00038D4C8 /* BaseTabBarController.swift */ = {isa = PBXFileReference; lastKnownFileType = sourcecode.swift; path = BaseTabBarController.swift; sourceTree = "<group>"; };
		5CA5A3722B60364300E66B26 /* MusicViewController.swift */ = {isa = PBXFileReference; lastKnownFileType = sourcecode.swift; path = MusicViewController.swift; sourceTree = "<group>"; };
		5CA5A3742B60371800E66B26 /* TrackCell.swift */ = {isa = PBXFileReference; lastKnownFileType = sourcecode.swift; path = TrackCell.swift; sourceTree = "<group>"; };
		5CBA79282B529394007DD613 /* PreviewCell.swift */ = {isa = PBXFileReference; lastKnownFileType = sourcecode.swift; path = PreviewCell.swift; sourceTree = "<group>"; };
		5CBA792A2B529625007DD613 /* PreviewScreenshotsController.swift */ = {isa = PBXFileReference; lastKnownFileType = sourcecode.swift; path = PreviewScreenshotsController.swift; sourceTree = "<group>"; };
		5CBA792C2B52D601007DD613 /* ScreenshotCell.swift */ = {isa = PBXFileReference; lastKnownFileType = sourcecode.swift; path = ScreenshotCell.swift; sourceTree = "<group>"; };
		5CBA792E2B52D764007DD613 /* ReviewRowCell.swift */ = {isa = PBXFileReference; lastKnownFileType = sourcecode.swift; path = ReviewRowCell.swift; sourceTree = "<group>"; };
		5CBA79322B52DCEF007DD613 /* ReviewsController.swift */ = {isa = PBXFileReference; lastKnownFileType = sourcecode.swift; path = ReviewsController.swift; sourceTree = "<group>"; };
		5CBA79342B52E11C007DD613 /* ReviewCell.swift */ = {isa = PBXFileReference; lastKnownFileType = sourcecode.swift; path = ReviewCell.swift; sourceTree = "<group>"; };
		5CBA79362B540FB3007DD613 /* Reviews.swift */ = {isa = PBXFileReference; lastKnownFileType = sourcecode.swift; path = Reviews.swift; sourceTree = "<group>"; };
		5CDCCB8D2B5689C000CD01C2 /* TodayController.swift */ = {isa = PBXFileReference; lastKnownFileType = sourcecode.swift; path = TodayController.swift; sourceTree = "<group>"; };
		5CDCCB902B568BA000CD01C2 /* TodayCell.swift */ = {isa = PBXFileReference; lastKnownFileType = sourcecode.swift; path = TodayCell.swift; sourceTree = "<group>"; };
		5CDCCB922B56B57600CD01C2 /* AppFullscreenController.swift */ = {isa = PBXFileReference; lastKnownFileType = sourcecode.swift; path = AppFullscreenController.swift; sourceTree = "<group>"; };
		5CDCCB942B56B5EA00CD01C2 /* AppFullscreenDescriptionCell.swift */ = {isa = PBXFileReference; lastKnownFileType = sourcecode.swift; path = AppFullscreenDescriptionCell.swift; sourceTree = "<group>"; };
		5CDCCB962B57DF0400CD01C2 /* AppFullscreenHeaderCell.swift */ = {isa = PBXFileReference; lastKnownFileType = sourcecode.swift; path = AppFullscreenHeaderCell.swift; sourceTree = "<group>"; };
		5CDCCB982B57ECA800CD01C2 /* TodayItem.swift */ = {isa = PBXFileReference; lastKnownFileType = sourcecode.swift; path = TodayItem.swift; sourceTree = "<group>"; };
/* End PBXFileReference section */

/* Begin PBXFrameworksBuildPhase section */
		5C9C3C292B45E7540038D4C8 /* Frameworks */ = {
			isa = PBXFrameworksBuildPhase;
			buildActionMask = 2147483647;
			files = (
				5C82A2712B487877002B183B /* SDWebImageMapKit in Frameworks */,
				5C82A26F2B487877002B183B /* SDWebImage in Frameworks */,
			);
			runOnlyForDeploymentPostprocessing = 0;
		};
/* End PBXFrameworksBuildPhase section */

/* Begin PBXGroup section */
		5C0AC5902B5172CC00548566 /* Details */ = {
			isa = PBXGroup;
			children = (
				5C0AC5932B519F2D00548566 /* AppDetailCell.swift */,
				5CBA79282B529394007DD613 /* PreviewCell.swift */,
				5CBA792E2B52D764007DD613 /* ReviewRowCell.swift */,
				5CBA79342B52E11C007DD613 /* ReviewCell.swift */,
				5CBA792C2B52D601007DD613 /* ScreenshotCell.swift */,
			);
			path = Details;
			sourceTree = "<group>";
		};
		5C82A2592B46D081002B183B /* Controller */ = {
			isa = PBXGroup;
			children = (
				5CA5A3702B60362400E66B26 /* Music */,
				5CDCCB8C2B5689A600CD01C2 /* Today */,
				5C82A2732B4C070F002B183B /* Search */,
				5C82A2742B4C0725002B183B /* Apps */,
				5C9C3C432B45EAF00038D4C8 /* BaseTabBarController.swift */,
				5C82A2772B4C0909002B183B /* BaseListController.swift */,
				5C495BC02B506FE9009D1ECE /* HorizontalSnappingController.swift */,
			);
			path = Controller;
			sourceTree = "<group>";
		};
		5C82A2602B46EC28002B183B /* Views */ = {
			isa = PBXGroup;
			children = (
				5CA5A3712B60362E00E66B26 /* Music */,
				5CDCCB8F2B568B9400CD01C2 /* Today */,
				5C82A27A2B4C0D68002B183B /* Apps */,
				5C82A2612B46EC4B002B183B /* SearchResultCell.swift */,
			);
			path = Views;
			sourceTree = "<group>";
		};
		5C82A2632B470423002B183B /* Helpers */ = {
			isa = PBXGroup;
			children = (
				5C82A2642B470455002B183B /* UIView+Layout.swift */,
				5C82A2662B47201B002B183B /* VerticalStackView.swift */,
				5C82A2812B4C3FAF002B183B /* Extensions.swift */,
				5C495BBE2B506E25009D1ECE /* BetterSnappingLayout.swift */,
			);
			path = Helpers;
			sourceTree = "<group>";
		};
		5C82A2682B4744E3002B183B /* Models */ = {
			isa = PBXGroup;
			children = (
				5C82A2692B4744FC002B183B /* SearchResult.swift */,
				5C82A28B2B4C7EC3002B183B /* AppGroup.swift */,
				5C495BBC2B4EF3A7009D1ECE /* SocialApps.swift */,
				5CBA79362B540FB3007DD613 /* Reviews.swift */,
				5CDCCB982B57ECA800CD01C2 /* TodayItem.swift */,
			);
			path = Models;
			sourceTree = "<group>";
		};
		5C82A2722B48866E002B183B /* Service */ = {
			isa = PBXGroup;
			children = (
				5C82A26B2B485795002B183B /* Service.swift */,
			);
			path = Service;
			sourceTree = "<group>";
		};
		5C82A2732B4C070F002B183B /* Search */ = {
			isa = PBXGroup;
			children = (
				5C82A25E2B46DCCD002B183B /* AppsSearchController.swift */,
			);
			path = Search;
			sourceTree = "<group>";
		};
		5C82A2742B4C0725002B183B /* Apps */ = {
			isa = PBXGroup;
			children = (
				5CB17C852B51B2FB00A2281A /* Details */,
				5C82A2752B4C0740002B183B /* AppsPageController.swift */,
				5C82A27D2B4C1B1E002B183B /* AppsHorizontalController.swift */,
				5C82A2872B4C6184002B183B /* AppsHeaderHorizontalController.swift */,
			);
			path = Apps;
			sourceTree = "<group>";
		};
		5C82A27A2B4C0D68002B183B /* Apps */ = {
			isa = PBXGroup;
			children = (
				5C0AC5902B5172CC00548566 /* Details */,
				5C82A27B2B4C0D8F002B183B /* AppsGroupCell.swift */,
				5C82A27F2B4C36F9002B183B /* AppRowCell.swift */,
				5C82A2852B4C5CE8002B183B /* AppsPageHeader.swift */,
				5C82A2892B4C6491002B183B /* AppsHeaderCell.swift */,
			);
			path = Apps;
			sourceTree = "<group>";
		};
		5C9C3C232B45E7540038D4C8 = {
			isa = PBXGroup;
			children = (
				5C9C3C2E2B45E7540038D4C8 /* Appstore */,
				5C9C3C2D2B45E7540038D4C8 /* Products */,
			);
			sourceTree = "<group>";
		};
		5C9C3C2D2B45E7540038D4C8 /* Products */ = {
			isa = PBXGroup;
			children = (
				5C9C3C2C2B45E7540038D4C8 /* Appstore.app */,
			);
			name = Products;
			sourceTree = "<group>";
		};
		5C9C3C2E2B45E7540038D4C8 /* Appstore */ = {
			isa = PBXGroup;
			children = (
				5C82A2722B48866E002B183B /* Service */,
				5C82A2682B4744E3002B183B /* Models */,
				5C82A2632B470423002B183B /* Helpers */,
				5C82A2602B46EC28002B183B /* Views */,
				5C82A2592B46D081002B183B /* Controller */,
				5C9C3C2F2B45E7540038D4C8 /* AppDelegate.swift */,
				5C9C3C312B45E7540038D4C8 /* SceneDelegate.swift */,
				5C9C3C332B45E7540038D4C8 /* ViewController.swift */,
				5C9C3C352B45E7550038D4C8 /* Main.storyboard */,
				5C9C3C382B45E7550038D4C8 /* Assets.xcassets */,
				5C9C3C3A2B45E7550038D4C8 /* LaunchScreen.storyboard */,
				5C9C3C3D2B45E7550038D4C8 /* Info.plist */,
			);
			path = Appstore;
			sourceTree = "<group>";
		};
		5CA5A3702B60362400E66B26 /* Music */ = {
			isa = PBXGroup;
			children = (
				5CA5A3722B60364300E66B26 /* MusicViewController.swift */,
			);
			path = Music;
			sourceTree = "<group>";
		};
		5CA5A3712B60362E00E66B26 /* Music */ = {
			isa = PBXGroup;
			children = (
				5CA5A3742B60371800E66B26 /* TrackCell.swift */,
			);
			path = Music;
			sourceTree = "<group>";
		};
		5CB17C852B51B2FB00A2281A /* Details */ = {
			isa = PBXGroup;
			children = (
				5C0AC5912B5172DD00548566 /* AppDetailController.swift */,
				5CBA792A2B529625007DD613 /* PreviewScreenshotsController.swift */,
				5CBA79322B52DCEF007DD613 /* ReviewsController.swift */,
			);
			path = Details;
			sourceTree = "<group>";
		};
		5CDCCB8C2B5689A600CD01C2 /* Today */ = {
			isa = PBXGroup;
			children = (
				5CDCCB8D2B5689C000CD01C2 /* TodayController.swift */,
				5CDCCB922B56B57600CD01C2 /* AppFullscreenController.swift */,
				5C2C4F792B595CB90010DB74 /* MultipleAppsController.swift */,
			);
			path = Today;
			sourceTree = "<group>";
		};
		5CDCCB8F2B568B9400CD01C2 /* Today */ = {
			isa = PBXGroup;
			children = (
				5CDCCB902B568BA000CD01C2 /* TodayCell.swift */,
				5CDCCB942B56B5EA00CD01C2 /* AppFullscreenDescriptionCell.swift */,
				5CDCCB962B57DF0400CD01C2 /* AppFullscreenHeaderCell.swift */,
				5C2C4F752B5938BA0010DB74 /* TodayMultipleAppCell.swift */,
				5C2C4F772B5954BC0010DB74 /* BaseTodayCell.swift */,
				5C2C4F7F2B5978000010DB74 /* MultipleAppsCell.swift */,
			);
			path = Today;
			sourceTree = "<group>";
		};
/* End PBXGroup section */

/* Begin PBXNativeTarget section */
		5C9C3C2B2B45E7540038D4C8 /* Appstore */ = {
			isa = PBXNativeTarget;
			buildConfigurationList = 5C9C3C402B45E7550038D4C8 /* Build configuration list for PBXNativeTarget "Appstore" */;
			buildPhases = (
				5C9C3C282B45E7540038D4C8 /* Sources */,
				5C9C3C292B45E7540038D4C8 /* Frameworks */,
				5C9C3C2A2B45E7540038D4C8 /* Resources */,
			);
			buildRules = (
			);
			dependencies = (
			);
			name = Appstore;
			packageProductDependencies = (
				5C82A26E2B487877002B183B /* SDWebImage */,
				5C82A2702B487877002B183B /* SDWebImageMapKit */,
			);
			productName = Appstore;
			productReference = 5C9C3C2C2B45E7540038D4C8 /* Appstore.app */;
			productType = "com.apple.product-type.application";
		};
/* End PBXNativeTarget section */

/* Begin PBXProject section */
		5C9C3C242B45E7540038D4C8 /* Project object */ = {
			isa = PBXProject;
			attributes = {
				BuildIndependentTargetsInParallel = 1;
				LastSwiftUpdateCheck = 1510;
				LastUpgradeCheck = 1510;
				TargetAttributes = {
					5C9C3C2B2B45E7540038D4C8 = {
						CreatedOnToolsVersion = 15.1;
					};
				};
			};
			buildConfigurationList = 5C9C3C272B45E7540038D4C8 /* Build configuration list for PBXProject "Appstore" */;
			compatibilityVersion = "Xcode 14.0";
			developmentRegion = en;
			hasScannedForEncodings = 0;
			knownRegions = (
				en,
				Base,
			);
			mainGroup = 5C9C3C232B45E7540038D4C8;
			packageReferences = (
				5C82A26D2B487877002B183B /* XCRemoteSwiftPackageReference "SDWebImage" */,
			);
			productRefGroup = 5C9C3C2D2B45E7540038D4C8 /* Products */;
			projectDirPath = "";
			projectRoot = "";
			targets = (
				5C9C3C2B2B45E7540038D4C8 /* Appstore */,
			);
		};
/* End PBXProject section */

/* Begin PBXResourcesBuildPhase section */
		5C9C3C2A2B45E7540038D4C8 /* Resources */ = {
			isa = PBXResourcesBuildPhase;
			buildActionMask = 2147483647;
			files = (
				5C9C3C3C2B45E7550038D4C8 /* LaunchScreen.storyboard in Resources */,
				5C9C3C392B45E7550038D4C8 /* Assets.xcassets in Resources */,
				5C9C3C372B45E7550038D4C8 /* Main.storyboard in Resources */,
			);
			runOnlyForDeploymentPostprocessing = 0;
		};
/* End PBXResourcesBuildPhase section */

/* Begin PBXSourcesBuildPhase section */
		5C9C3C282B45E7540038D4C8 /* Sources */ = {
			isa = PBXSourcesBuildPhase;
			buildActionMask = 2147483647;
			files = (
				5CDCCB992B57ECA800CD01C2 /* TodayItem.swift in Sources */,
				5C82A2652B470455002B183B /* UIView+Layout.swift in Sources */,
				5C495BBF2B506E25009D1ECE /* BetterSnappingLayout.swift in Sources */,
				5C2C4F802B5978000010DB74 /* MultipleAppsCell.swift in Sources */,
				5C82A26A2B4744FC002B183B /* SearchResult.swift in Sources */,
				5C82A27E2B4C1B1E002B183B /* AppsHorizontalController.swift in Sources */,
				5CBA792B2B529625007DD613 /* PreviewScreenshotsController.swift in Sources */,
				5CDCCB8E2B5689C000CD01C2 /* TodayController.swift in Sources */,
				5CBA792F2B52D764007DD613 /* ReviewRowCell.swift in Sources */,
				5C9C3C442B45EAF00038D4C8 /* BaseTabBarController.swift in Sources */,
				5CBA79292B529394007DD613 /* PreviewCell.swift in Sources */,
				5C9C3C342B45E7540038D4C8 /* ViewController.swift in Sources */,
				5CBA79332B52DCEF007DD613 /* ReviewsController.swift in Sources */,
				5C9C3C302B45E7540038D4C8 /* AppDelegate.swift in Sources */,
				5C82A25F2B46DCCD002B183B /* AppsSearchController.swift in Sources */,
				5C82A2672B47201B002B183B /* VerticalStackView.swift in Sources */,
				5CBA79372B540FB3007DD613 /* Reviews.swift in Sources */,
				5C82A26C2B485795002B183B /* Service.swift in Sources */,
				5C82A2622B46EC4B002B183B /* SearchResultCell.swift in Sources */,
				5CBA792D2B52D601007DD613 /* ScreenshotCell.swift in Sources */,
				5C82A2882B4C6184002B183B /* AppsHeaderHorizontalController.swift in Sources */,
				5CA5A3732B60364300E66B26 /* MusicViewController.swift in Sources */,
				5C0AC5922B5172DD00548566 /* AppDetailController.swift in Sources */,
				5C82A2862B4C5CE8002B183B /* AppsPageHeader.swift in Sources */,
				5C2C4F7A2B595CB90010DB74 /* MultipleAppsController.swift in Sources */,
				5C9C3C322B45E7540038D4C8 /* SceneDelegate.swift in Sources */,
				5C82A2822B4C3FAF002B183B /* Extensions.swift in Sources */,
				5CA5A3752B60371800E66B26 /* TrackCell.swift in Sources */,
				5C495BBD2B4EF3A7009D1ECE /* SocialApps.swift in Sources */,
				5CBA79352B52E11C007DD613 /* ReviewCell.swift in Sources */,
				5C2C4F782B5954BC0010DB74 /* BaseTodayCell.swift in Sources */,
				5C82A2782B4C0909002B183B /* BaseListController.swift in Sources */,
				5C82A28C2B4C7EC3002B183B /* AppGroup.swift in Sources */,
				5CDCCB912B568BA000CD01C2 /* TodayCell.swift in Sources */,
				5C82A28A2B4C6491002B183B /* AppsHeaderCell.swift in Sources */,
				5CDCCB952B56B5EA00CD01C2 /* AppFullscreenDescriptionCell.swift in Sources */,
				5CDCCB972B57DF0400CD01C2 /* AppFullscreenHeaderCell.swift in Sources */,
				5CDCCB932B56B57600CD01C2 /* AppFullscreenController.swift in Sources */,
				5C0AC5942B519F2D00548566 /* AppDetailCell.swift in Sources */,
				5C82A2762B4C0740002B183B /* AppsPageController.swift in Sources */,
				5C495BC12B506FE9009D1ECE /* HorizontalSnappingController.swift in Sources */,
				5C82A27C2B4C0D8F002B183B /* AppsGroupCell.swift in Sources */,
				5C2C4F762B5938BA0010DB74 /* TodayMultipleAppCell.swift in Sources */,
				5C82A2802B4C36F9002B183B /* AppRowCell.swift in Sources */,
			);
			runOnlyForDeploymentPostprocessing = 0;
		};
/* End PBXSourcesBuildPhase section */

/* Begin PBXVariantGroup section */
		5C9C3C352B45E7550038D4C8 /* Main.storyboard */ = {
			isa = PBXVariantGroup;
			children = (
				5C9C3C362B45E7550038D4C8 /* Base */,
			);
			name = Main.storyboard;
			sourceTree = "<group>";
		};
		5C9C3C3A2B45E7550038D4C8 /* LaunchScreen.storyboard */ = {
			isa = PBXVariantGroup;
			children = (
				5C9C3C3B2B45E7550038D4C8 /* Base */,
			);
			name = LaunchScreen.storyboard;
			sourceTree = "<group>";
		};
/* End PBXVariantGroup section */

/* Begin XCBuildConfiguration section */
		5C9C3C3E2B45E7550038D4C8 /* Debug */ = {
			isa = XCBuildConfiguration;
			buildSettings = {
				ALWAYS_SEARCH_USER_PATHS = NO;
				ASSETCATALOG_COMPILER_GENERATE_SWIFT_ASSET_SYMBOL_EXTENSIONS = YES;
				CLANG_ANALYZER_NONNULL = YES;
				CLANG_ANALYZER_NUMBER_OBJECT_CONVERSION = YES_AGGRESSIVE;
				CLANG_CXX_LANGUAGE_STANDARD = "gnu++20";
				CLANG_ENABLE_MODULES = YES;
				CLANG_ENABLE_OBJC_ARC = YES;
				CLANG_ENABLE_OBJC_WEAK = YES;
				CLANG_WARN_BLOCK_CAPTURE_AUTORELEASING = YES;
				CLANG_WARN_BOOL_CONVERSION = YES;
				CLANG_WARN_COMMA = YES;
				CLANG_WARN_CONSTANT_CONVERSION = YES;
				CLANG_WARN_DEPRECATED_OBJC_IMPLEMENTATIONS = YES;
				CLANG_WARN_DIRECT_OBJC_ISA_USAGE = YES_ERROR;
				CLANG_WARN_DOCUMENTATION_COMMENTS = YES;
				CLANG_WARN_EMPTY_BODY = YES;
				CLANG_WARN_ENUM_CONVERSION = YES;
				CLANG_WARN_INFINITE_RECURSION = YES;
				CLANG_WARN_INT_CONVERSION = YES;
				CLANG_WARN_NON_LITERAL_NULL_CONVERSION = YES;
				CLANG_WARN_OBJC_IMPLICIT_RETAIN_SELF = YES;
				CLANG_WARN_OBJC_LITERAL_CONVERSION = YES;
				CLANG_WARN_OBJC_ROOT_CLASS = YES_ERROR;
				CLANG_WARN_QUOTED_INCLUDE_IN_FRAMEWORK_HEADER = YES;
				CLANG_WARN_RANGE_LOOP_ANALYSIS = YES;
				CLANG_WARN_STRICT_PROTOTYPES = YES;
				CLANG_WARN_SUSPICIOUS_MOVE = YES;
				CLANG_WARN_UNGUARDED_AVAILABILITY = YES_AGGRESSIVE;
				CLANG_WARN_UNREACHABLE_CODE = YES;
				CLANG_WARN__DUPLICATE_METHOD_MATCH = YES;
				COPY_PHASE_STRIP = NO;
				DEBUG_INFORMATION_FORMAT = dwarf;
				ENABLE_STRICT_OBJC_MSGSEND = YES;
				ENABLE_TESTABILITY = YES;
				ENABLE_USER_SCRIPT_SANDBOXING = YES;
				GCC_C_LANGUAGE_STANDARD = gnu17;
				GCC_DYNAMIC_NO_PIC = NO;
				GCC_NO_COMMON_BLOCKS = YES;
				GCC_OPTIMIZATION_LEVEL = 0;
				GCC_PREPROCESSOR_DEFINITIONS = (
					"DEBUG=1",
					"$(inherited)",
				);
				GCC_WARN_64_TO_32_BIT_CONVERSION = YES;
				GCC_WARN_ABOUT_RETURN_TYPE = YES_ERROR;
				GCC_WARN_UNDECLARED_SELECTOR = YES;
				GCC_WARN_UNINITIALIZED_AUTOS = YES_AGGRESSIVE;
				GCC_WARN_UNUSED_FUNCTION = YES;
				GCC_WARN_UNUSED_VARIABLE = YES;
				IPHONEOS_DEPLOYMENT_TARGET = 17.2;
				LOCALIZATION_PREFERS_STRING_CATALOGS = YES;
				MTL_ENABLE_DEBUG_INFO = INCLUDE_SOURCE;
				MTL_FAST_MATH = YES;
				ONLY_ACTIVE_ARCH = YES;
				SDKROOT = iphoneos;
				SWIFT_ACTIVE_COMPILATION_CONDITIONS = "DEBUG $(inherited)";
				SWIFT_OPTIMIZATION_LEVEL = "-Onone";
			};
			name = Debug;
		};
		5C9C3C3F2B45E7550038D4C8 /* Release */ = {
			isa = XCBuildConfiguration;
			buildSettings = {
				ALWAYS_SEARCH_USER_PATHS = NO;
				ASSETCATALOG_COMPILER_GENERATE_SWIFT_ASSET_SYMBOL_EXTENSIONS = YES;
				CLANG_ANALYZER_NONNULL = YES;
				CLANG_ANALYZER_NUMBER_OBJECT_CONVERSION = YES_AGGRESSIVE;
				CLANG_CXX_LANGUAGE_STANDARD = "gnu++20";
				CLANG_ENABLE_MODULES = YES;
				CLANG_ENABLE_OBJC_ARC = YES;
				CLANG_ENABLE_OBJC_WEAK = YES;
				CLANG_WARN_BLOCK_CAPTURE_AUTORELEASING = YES;
				CLANG_WARN_BOOL_CONVERSION = YES;
				CLANG_WARN_COMMA = YES;
				CLANG_WARN_CONSTANT_CONVERSION = YES;
				CLANG_WARN_DEPRECATED_OBJC_IMPLEMENTATIONS = YES;
				CLANG_WARN_DIRECT_OBJC_ISA_USAGE = YES_ERROR;
				CLANG_WARN_DOCUMENTATION_COMMENTS = YES;
				CLANG_WARN_EMPTY_BODY = YES;
				CLANG_WARN_ENUM_CONVERSION = YES;
				CLANG_WARN_INFINITE_RECURSION = YES;
				CLANG_WARN_INT_CONVERSION = YES;
				CLANG_WARN_NON_LITERAL_NULL_CONVERSION = YES;
				CLANG_WARN_OBJC_IMPLICIT_RETAIN_SELF = YES;
				CLANG_WARN_OBJC_LITERAL_CONVERSION = YES;
				CLANG_WARN_OBJC_ROOT_CLASS = YES_ERROR;
				CLANG_WARN_QUOTED_INCLUDE_IN_FRAMEWORK_HEADER = YES;
				CLANG_WARN_RANGE_LOOP_ANALYSIS = YES;
				CLANG_WARN_STRICT_PROTOTYPES = YES;
				CLANG_WARN_SUSPICIOUS_MOVE = YES;
				CLANG_WARN_UNGUARDED_AVAILABILITY = YES_AGGRESSIVE;
				CLANG_WARN_UNREACHABLE_CODE = YES;
				CLANG_WARN__DUPLICATE_METHOD_MATCH = YES;
				COPY_PHASE_STRIP = NO;
				DEBUG_INFORMATION_FORMAT = "dwarf-with-dsym";
				ENABLE_NS_ASSERTIONS = NO;
				ENABLE_STRICT_OBJC_MSGSEND = YES;
				ENABLE_USER_SCRIPT_SANDBOXING = YES;
				GCC_C_LANGUAGE_STANDARD = gnu17;
				GCC_NO_COMMON_BLOCKS = YES;
				GCC_WARN_64_TO_32_BIT_CONVERSION = YES;
				GCC_WARN_ABOUT_RETURN_TYPE = YES_ERROR;
				GCC_WARN_UNDECLARED_SELECTOR = YES;
				GCC_WARN_UNINITIALIZED_AUTOS = YES_AGGRESSIVE;
				GCC_WARN_UNUSED_FUNCTION = YES;
				GCC_WARN_UNUSED_VARIABLE = YES;
				IPHONEOS_DEPLOYMENT_TARGET = 17.2;
				LOCALIZATION_PREFERS_STRING_CATALOGS = YES;
				MTL_ENABLE_DEBUG_INFO = NO;
				MTL_FAST_MATH = YES;
				SDKROOT = iphoneos;
				SWIFT_COMPILATION_MODE = wholemodule;
				VALIDATE_PRODUCT = YES;
			};
			name = Release;
		};
		5C9C3C412B45E7550038D4C8 /* Debug */ = {
			isa = XCBuildConfiguration;
			buildSettings = {
				ASSETCATALOG_COMPILER_APPICON_NAME = AppIcon;
				ASSETCATALOG_COMPILER_GLOBAL_ACCENT_COLOR_NAME = AccentColor;
				CODE_SIGN_STYLE = Automatic;
				CURRENT_PROJECT_VERSION = 1;
				DEVELOPMENT_TEAM = 6N4HMYH8YX;
				GENERATE_INFOPLIST_FILE = YES;
				INFOPLIST_FILE = Appstore/Info.plist;
				INFOPLIST_KEY_UIApplicationSupportsIndirectInputEvents = YES;
				INFOPLIST_KEY_UILaunchStoryboardName = LaunchScreen;
				INFOPLIST_KEY_UIMainStoryboardFile = Main;
				INFOPLIST_KEY_UISupportedInterfaceOrientations_iPad = "UIInterfaceOrientationPortrait UIInterfaceOrientationPortraitUpsideDown UIInterfaceOrientationLandscapeLeft UIInterfaceOrientationLandscapeRight";
				INFOPLIST_KEY_UISupportedInterfaceOrientations_iPhone = "UIInterfaceOrientationPortrait UIInterfaceOrientationLandscapeLeft UIInterfaceOrientationLandscapeRight";
				IPHONEOS_DEPLOYMENT_TARGET = 14.0;
				LD_RUNPATH_SEARCH_PATHS = (
					"$(inherited)",
					"@executable_path/Frameworks",
				);
				MARKETING_VERSION = 1.0;
				PRODUCT_BUNDLE_IDENTIFIER = com.turancabuk.Appstore;
				PRODUCT_NAME = "$(TARGET_NAME)";
				SWIFT_EMIT_LOC_STRINGS = YES;
				SWIFT_VERSION = 5.0;
				TARGETED_DEVICE_FAMILY = "1,2";
			};
			name = Debug;
		};
		5C9C3C422B45E7550038D4C8 /* Release */ = {
			isa = XCBuildConfiguration;
			buildSettings = {
				ASSETCATALOG_COMPILER_APPICON_NAME = AppIcon;
				ASSETCATALOG_COMPILER_GLOBAL_ACCENT_COLOR_NAME = AccentColor;
				CODE_SIGN_STYLE = Automatic;
				CURRENT_PROJECT_VERSION = 1;
				DEVELOPMENT_TEAM = 6N4HMYH8YX;
				GENERATE_INFOPLIST_FILE = YES;
				INFOPLIST_FILE = Appstore/Info.plist;
				INFOPLIST_KEY_UIApplicationSupportsIndirectInputEvents = YES;
				INFOPLIST_KEY_UILaunchStoryboardName = LaunchScreen;
				INFOPLIST_KEY_UIMainStoryboardFile = Main;
				INFOPLIST_KEY_UISupportedInterfaceOrientations_iPad = "UIInterfaceOrientationPortrait UIInterfaceOrientationPortraitUpsideDown UIInterfaceOrientationLandscapeLeft UIInterfaceOrientationLandscapeRight";
				INFOPLIST_KEY_UISupportedInterfaceOrientations_iPhone = "UIInterfaceOrientationPortrait UIInterfaceOrientationLandscapeLeft UIInterfaceOrientationLandscapeRight";
				IPHONEOS_DEPLOYMENT_TARGET = 14.0;
				LD_RUNPATH_SEARCH_PATHS = (
					"$(inherited)",
					"@executable_path/Frameworks",
				);
				MARKETING_VERSION = 1.0;
				PRODUCT_BUNDLE_IDENTIFIER = com.turancabuk.Appstore;
				PRODUCT_NAME = "$(TARGET_NAME)";
				SWIFT_EMIT_LOC_STRINGS = YES;
				SWIFT_VERSION = 5.0;
				TARGETED_DEVICE_FAMILY = "1,2";
			};
			name = Release;
		};
/* End XCBuildConfiguration section */

/* Begin XCConfigurationList section */
		5C9C3C272B45E7540038D4C8 /* Build configuration list for PBXProject "Appstore" */ = {
			isa = XCConfigurationList;
			buildConfigurations = (
				5C9C3C3E2B45E7550038D4C8 /* Debug */,
				5C9C3C3F2B45E7550038D4C8 /* Release */,
			);
			defaultConfigurationIsVisible = 0;
			defaultConfigurationName = Release;
		};
		5C9C3C402B45E7550038D4C8 /* Build configuration list for PBXNativeTarget "Appstore" */ = {
			isa = XCConfigurationList;
			buildConfigurations = (
				5C9C3C412B45E7550038D4C8 /* Debug */,
				5C9C3C422B45E7550038D4C8 /* Release */,
			);
			defaultConfigurationIsVisible = 0;
			defaultConfigurationName = Release;
		};
/* End XCConfigurationList section */

/* Begin XCRemoteSwiftPackageReference section */
		5C82A26D2B487877002B183B /* XCRemoteSwiftPackageReference "SDWebImage" */ = {
			isa = XCRemoteSwiftPackageReference;
			repositoryURL = "https://github.com/SDWebImage/SDWebImage.git";
			requirement = {
				kind = upToNextMajorVersion;
				minimumVersion = 5.18.8;
			};
		};
/* End XCRemoteSwiftPackageReference section */

/* Begin XCSwiftPackageProductDependency section */
		5C82A26E2B487877002B183B /* SDWebImage */ = {
			isa = XCSwiftPackageProductDependency;
			package = 5C82A26D2B487877002B183B /* XCRemoteSwiftPackageReference "SDWebImage" */;
			productName = SDWebImage;
		};
		5C82A2702B487877002B183B /* SDWebImageMapKit */ = {
			isa = XCSwiftPackageProductDependency;
			package = 5C82A26D2B487877002B183B /* XCRemoteSwiftPackageReference "SDWebImage" */;
			productName = SDWebImageMapKit;
		};
/* End XCSwiftPackageProductDependency section */
	};
	rootObject = 5C9C3C242B45E7540038D4C8 /* Project object */;
}
